
Microsoft Visual Studio Solution File, Format Version 12.00
# Visual Studio Version 17
VisualStudioVersion = 17.14.36310.24
MinimumVisualStudioVersion = 10.0.40219.1
Project("{FAE04EC0-301F-11D3-BF4B-00C04F79EFBC}") = "server", "server\server.csproj", "{F3EE6B2D-0B19-306C-2C68-AB272C4E49C6}"
EndProject
Project("{E24C65DC-7377-472B-9ABA-BC803B73C61A}") = "client", "client\", "{F03FED76-20DB-B30E-51FF-188119B1BFB7}"
	ProjectSection(WebsiteProperties) = preProject
		TargetFrameworkMoniker = ".NETFramework,Version%3Dv4.0"
		Debug.AspNetCompiler.VirtualPath = "/localhost_50176"
		Debug.AspNetCompiler.PhysicalPath = "client\"
		Debug.AspNetCompiler.TargetPath = "PrecompiledWeb\localhost_50176\"
		Debug.AspNetCompiler.Updateable = "true"
		Debug.AspNetCompiler.ForceOverwrite = "true"
		Debug.AspNetCompiler.FixedNames = "false"
		Debug.AspNetCompiler.Debug = "True"
		Release.AspNetCompiler.VirtualPath = "/localhost_50176"
		Release.AspNetCompiler.PhysicalPath = "client\"
		Release.AspNetCompiler.TargetPath = "PrecompiledWeb\localhost_50176\"
		Release.AspNetCompiler.Updateable = "true"
		Release.AspNetCompiler.ForceOverwrite = "true"
		Release.AspNetCompiler.FixedNames = "false"
		Release.AspNetCompiler.Debug = "False"
		VWDPort = "50176"
		SlnRelativePath = "client\"
	EndProjectSection
EndProject
Global
	GlobalSection(SolutionConfigurationPlatforms) = preSolution
		Debug|Any CPU = Debug|Any CPU
		Release|Any CPU = Release|Any CPU
	EndGlobalSection
	GlobalSection(ProjectConfigurationPlatforms) = postSolution
		{F3EE6B2D-0B19-306C-2C68-AB272C4E49C6}.Debug|Any CPU.ActiveCfg = Debug|Any CPU
		{F3EE6B2D-0B19-306C-2C68-AB272C4E49C6}.Debug|Any CPU.Build.0 = Debug|Any CPU
		{F3EE6B2D-0B19-306C-2C68-AB272C4E49C6}.Release|Any CPU.ActiveCfg = Release|Any CPU
		{F3EE6B2D-0B19-306C-2C68-AB272C4E49C6}.Release|Any CPU.Build.0 = Release|Any CPU
		{F03FED76-20DB-B30E-51FF-188119B1BFB7}.Debug|Any CPU.ActiveCfg = Debug|Any CPU
		{F03FED76-20DB-B30E-51FF-188119B1BFB7}.Debug|Any CPU.Build.0 = Debug|Any CPU
		{F03FED76-20DB-B30E-51FF-188119B1BFB7}.Release|Any CPU.ActiveCfg = Debug|Any CPU
		{F03FED76-20DB-B30E-51FF-188119B1BFB7}.Release|Any CPU.Build.0 = Debug|Any CPU
	EndGlobalSection
	GlobalSection(SolutionProperties) = preSolution
		HideSolutionNode = FALSE
	EndGlobalSection
	GlobalSection(ExtensibilityGlobals) = postSolution
		SolutionGuid = {2714BE47-BFD3-4256-8030-75FF4071AC57}
	EndGlobalSection
EndGlobal
